
Microsoft Visual Studio Solution File, Format Version 12.00
# Visual Studio Version 17
VisualStudioVersion = 17.7.34009.444
MinimumVisualStudioVersion = 10.0.40219.1
Project("{FAE04EC0-301F-11D3-BF4B-00C04F79EFBC}") = "QL_Customers_Products", "QL_Customers_Products\QL_Customers_Products.csproj", "{5C9AD474-73F5-442D-B1C5-B77E682C0BD1}"
EndProject
Global
	GlobalSection(SolutionConfigurationPlatforms) = preSolution
		Debug|Any CPU = Debug|Any CPU
		Release|Any CPU = Release|Any CPU
	EndGlobalSection
	GlobalSection(ProjectConfigurationPlatforms) = postSolution
		{5C9AD474-73F5-442D-B1C5-B77E682C0BD1}.Debug|Any CPU.ActiveCfg = Debug|Any CPU
		{5C9AD474-73F5-442D-B1C5-B77E682C0BD1}.Debug|Any CPU.Build.0 = Debug|Any CPU
		{5C9AD474-73F5-442D-B1C5-B77E682C0BD1}.Release|Any CPU.ActiveCfg = Release|Any CPU
		{5C9AD474-73F5-442D-B1C5-B77E682C0BD1}.Release|Any CPU.Build.0 = Release|Any CPU
	EndGlobalSection
	GlobalSection(SolutionProperties) = preSolution
		HideSolutionNode = FALSE
	EndGlobalSection
	GlobalSection(ExtensibilityGlobals) = postSolution
		SolutionGuid = {DB85C3C9-7B9F-4632-AC68-94E4254963BB}
	EndGlobalSection
EndGlobal
